// !$*UTF8*$!
{
	archiveVersion = 1;
	classes = {
	};
	objectVersion = 46;
	objects = {

/* Begin PBXBuildFile section */
		028B79DA1E61271C008D934D /* AppDelegate.swift in Sources */ = {isa = PBXBuildFile; fileRef = 028B79D91E61271C008D934D /* AppDelegate.swift */; };
		028B79DC1E61271C008D934D /* ViewController.swift in Sources */ = {isa = PBXBuildFile; fileRef = 028B79DB1E61271C008D934D /* ViewController.swift */; };
		028B79DF1E61271C008D934D /* Main.storyboard in Resources */ = {isa = PBXBuildFile; fileRef = 028B79DD1E61271C008D934D /* Main.storyboard */; };
		028B79E11E61271C008D934D /* Assets.xcassets in Resources */ = {isa = PBXBuildFile; fileRef = 028B79E01E61271C008D934D /* Assets.xcassets */; };
		028B79E41E61271C008D934D /* LaunchScreen.storyboard in Resources */ = {isa = PBXBuildFile; fileRef = 028B79E21E61271C008D934D /* LaunchScreen.storyboard */; };
/* End PBXBuildFile section */

/* Begin PBXFileReference section */
		028B79D61E61271C008D934D /* DDBlog.app */ = {isa = PBXFileReference; explicitFileType = wrapper.application; includeInIndex = 0; path = DDBlog.app; sourceTree = BUILT_PRODUCTS_DIR; };
		028B79D91E61271C008D934D /* AppDelegate.swift */ = {isa = PBXFileReference; lastKnownFileType = sourcecode.swift; path = AppDelegate.swift; sourceTree = "<group>"; };
		028B79DB1E61271C008D934D /* ViewController.swift */ = {isa = PBXFileReference; lastKnownFileType = sourcecode.swift; path = ViewController.swift; sourceTree = "<group>"; };
		028B79DE1E61271C008D934D /* Base */ = {isa = PBXFileReference; lastKnownFileType = file.storyboard; name = Base; path = Base.lproj/Main.storyboard; sourceTree = "<group>"; };
		028B79E01E61271C008D934D /* Assets.xcassets */ = {isa = PBXFileReference; lastKnownFileType = folder.assetcatalog; path = Assets.xcassets; sourceTree = "<group>"; };
		028B79E31E61271C008D934D /* Base */ = {isa = PBXFileReference; lastKnownFileType = file.storyboard; name = Base; path = Base.lproj/LaunchScreen.storyboard; sourceTree = "<group>"; };
		028B79E51E61271C008D934D /* Info.plist */ = {isa = PBXFileReference; lastKnownFileType = text.plist.xml; path = Info.plist; sourceTree = "<group>"; };
/* End PBXFileReference section */

/* Begin PBXFrameworksBuildPhase section */
		028B79D31E61271C008D934D /* Frameworks */ = {
			isa = PBXFrameworksBuildPhase;
			buildActionMask = 2147483647;
			files = (
			);
			runOnlyForDeploymentPostprocessing = 0;
		};
/* End PBXFrameworksBuildPhase section */

/* Begin PBXGroup section */
		028B79CD1E61271C008D934D = {
			isa = PBXGroup;
			children = (
				028B79D81E61271C008D934D /* DDBlog */,
				028B79D71E61271C008D934D /* Products */,
			);
			sourceTree = "<group>";
		};
		028B79D71E61271C008D934D /* Products */ = {
			isa = PBXGroup;
			children = (
				028B79D61E61271C008D934D /* DDBlog.app */,
			);
			name = Products;
			sourceTree = "<group>";
		};
		028B79D81E61271C008D934D /* DDBlog */ = {
			isa = PBXGroup;
			children = (
				028B79D91E61271C008D934D /* AppDelegate.swift */,
				028B79DB1E61271C008D934D /* ViewController.swift */,
				028B79DD1E61271C008D934D /* Main.storyboard */,
				028B79E01E61271C008D934D /* Assets.xcassets */,
				028B79E21E61271C008D934D /* LaunchScreen.storyboard */,
				028B79E51E61271C008D934D /* Info.plist */,
			);
			path = DDBlog;
			sourceTree = "<group>";
		};
/* End PBXGroup section */

/* Begin PBXNativeTarget section */
		028B79D51E61271C008D934D /* DDBlog */ = {
			isa = PBXNativeTarget;
			buildConfigurationList = 028B79E81E61271C008D934D /* Build configuration list for PBXNativeTarget "DDBlog" */;
			buildPhases = (
				028B79D21E61271C008D934D /* Sources */,
				028B79D31E61271C008D934D /* Frameworks */,
				028B79D41E61271C008D934D /* Resources */,
			);
			buildRules = (
			);
			dependencies = (
			);
			name = DDBlog;
			productName = DDBlog;
			productReference = 028B79D61E61271C008D934D /* DDBlog.app */;
			productType = "com.apple.product-type.application";
		};
/* End PBXNativeTarget section */

/* Begin PBXProject section */
		028B79CE1E61271C008D934D /* Project object */ = {
			isa = PBXProject;
			attributes = {
				LastSwiftUpdateCheck = 0820;
				LastUpgradeCheck = 0820;
				ORGANIZATIONNAME = zhangxianjun;
				TargetAttributes = {
					028B79D51E61271C008D934D = {
						CreatedOnToolsVersion = 8.2.1;
						DevelopmentTeam = EFTVKH44JM;
						ProvisioningStyle = Automatic;
					};
				};
			};
			buildConfigurationList = 028B79D11E61271C008D934D /* Build configuration list for PBXProject "DDBlog" */;
			compatibilityVersion = "Xcode 3.2";
			developmentRegion = English;
			hasScannedForEncodings = 0;
			knownRegions = (
				en,
				Base,
			);
			mainGroup = 028B79CD1E61271C008D934D;
			productRefGroup = 028B79D71E61271C008D934D /* Products */;
			projectDirPath = "";
			projectRoot = "";
			targets = (
				028B79D51E61271C008D934D /* DDBlog */,
			);
		};
/* End PBXProject section */

/* Begin PBXResourcesBuildPhase section */
		028B79D41E61271C008D934D /* Resources */ = {
			isa = PBXResourcesBuildPhase;
			buildActionMask = 2147483647;
			files = (
				028B79E41E61271C008D934D /* LaunchScreen.storyboard in Resources */,
				028B79E11E61271C008D934D /* Assets.xcassets in Resources */,
				028B79DF1E61271C008D934D /* Main.storyboard in Resources */,
			);
			runOnlyForDeploymentPostprocessing = 0;
		};
/* End PBXResourcesBuildPhase section */

/* Begin PBXSourcesBuildPhase section */
		028B79D21E61271C008D934D /* Sources */ = {
			isa = PBXSourcesBuildPhase;
			buildActionMask = 2147483647;
			files = (
				028B79DC1E61271C008D934D /* ViewController.swift in Sources */,
				028B79DA1E61271C008D934D /* AppDelegate.swift in Sources */,
			);
			runOnlyForDeploymentPostprocessing = 0;
		};
/* End PBXSourcesBuildPhase section */

/* Begin PBXVariantGroup section */
		028B79DD1E61271C008D934D /* Main.storyboard */ = {
			isa = PBXVariantGroup;
			children = (
				028B79DE1E61271C008D934D /* Base */,
			);
			name = Main.storyboard;
			sourceTree = "<group>";
		};
		028B79E21E61271C008D934D /* LaunchScreen.storyboard */ = {
			isa = PBXVariantGroup;
			children = (
				028B79E31E61271C008D934D /* Base */,
			);
			name = LaunchScreen.storyboard;
			sourceTree = "<group>";
		};
/* End PBXVariantGroup section */

/* Begin XCBuildConfiguration section */
		028B79E61E61271C008D934D /* Debug */ = {
			isa = XCBuildConfiguration;
			buildSettings = {
				ALWAYS_SEARCH_USER_PATHS = NO;
				CLANG_ANALYZER_NONNULL = YES;
				CLANG_CXX_LANGUAGE_STANDARD = "gnu++0x";
				CLANG_CXX_LIBRARY = "libc++";
				CLANG_ENABLE_MODULES = YES;
				CLANG_ENABLE_OBJC_ARC = YES;
				CLANG_WARN_BOOL_CONVERSION = YES;
				CLANG_WARN_CONSTANT_CONVERSION = YES;
				CLANG_WARN_DIRECT_OBJC_ISA_USAGE = YES_ERROR;
				CLANG_WARN_DOCUMENTATION_COMMENTS = YES;
				CLANG_WARN_EMPTY_BODY = YES;
				CLANG_WARN_ENUM_CONVERSION = YES;
				CLANG_WARN_INFINITE_RECURSION = YES;
				CLANG_WARN_INT_CONVERSION = YES;
				CLANG_WARN_OBJC_ROOT_CLASS = YES_ERROR;
				CLANG_WARN_SUSPICIOUS_MOVE = YES;
				CLANG_WARN_UNREACHABLE_CODE = YES;
				CLANG_WARN__DUPLICATE_METHOD_MATCH = YES;
				"CODE_SIGN_IDENTITY[sdk=iphoneos*]" = "iPhone Developer";
				COPY_PHASE_STRIP = NO;
				DEBUG_INFORMATION_FORMAT = dwarf;
				ENABLE_STRICT_OBJC_MSGSEND = YES;
				ENABLE_TESTABILITY = YES;
				GCC_C_LANGUAGE_STANDARD = gnu99;
				GCC_DYNAMIC_NO_PIC = NO;
				GCC_NO_COMMON_BLOCKS = YES;
				GCC_OPTIMIZATION_LEVEL = 0;
				GCC_PREPROCESSOR_DEFINITIONS = (
					"DEBUG=1",
					"$(inherited)",
				);
				GCC_WARN_64_TO_32_BIT_CONVERSION = YES;
				GCC_WARN_ABOUT_RETURN_TYPE = YES_ERROR;
				GCC_WARN_UNDECLARED_SELECTOR = YES;
				GCC_WARN_UNINITIALIZED_AUTOS = YES_AGGRESSIVE;
				GCC_WARN_UNUSED_FUNCTION = YES;
				GCC_WARN_UNUSED_VARIABLE = YES;
				IPHONEOS_DEPLOYMENT_TARGET = 10.2;
				MTL_ENABLE_DEBUG_INFO = YES;
				ONLY_ACTIVE_ARCH = YES;
				SDKROOT = iphoneos;
				SWIFT_ACTIVE_COMPILATION_CONDITIONS = DEBUG;
				SWIFT_OPTIMIZATION_LEVEL = "-Onone";
			};
			name = Debug;
		};
		028B79E71E61271C008D934D /* Release */ = {
			isa = XCBuildConfiguration;
			buildSettings = {
				ALWAYS_SEARCH_USER_PATHS = NO;
				CLANG_ANALYZER_NONNULL = YES;
				CLANG_CXX_LANGUAGE_STANDARD = "gnu++0x";
				CLANG_CXX_LIBRARY = "libc++";
				CLANG_ENABLE_MODULES = YES;
				CLANG_ENABLE_OBJC_ARC = YES;
				CLANG_WARN_BOOL_CONVERSION = YES;
				CLANG_WARN_CONSTANT_CONVERSION = YES;
				CLANG_WARN_DIRECT_OBJC_ISA_USAGE = YES_ERROR;
				CLANG_WARN_DOCUMENTATION_COMMENTS = YES;
				CLANG_WARN_EMPTY_BODY = YES;
				CLANG_WARN_ENUM_CONVERSION = YES;
				CLANG_WARN_INFINITE_RECURSION = YES;
				CLANG_WARN_INT_CONVERSION = YES;
				CLANG_WARN_OBJC_ROOT_CLASS = YES_ERROR;
				CLANG_WARN_SUSPICIOUS_MOVE = YES;
				CLANG_WARN_UNREACHABLE_CODE = YES;
				CLANG_WARN__DUPLICATE_METHOD_MATCH = YES;
				"CODE_SIGN_IDENTITY[sdk=iphoneos*]" = "iPhone Developer";
				COPY_PHASE_STRIP = NO;
				DEBUG_INFORMATION_FORMAT = "dwarf-with-dsym";
				ENABLE_NS_ASSERTIONS = NO;
				ENABLE_STRICT_OBJC_MSGSEND = YES;
				GCC_C_LANGUAGE_STANDARD = gnu99;
				GCC_NO_COMMON_BLOCKS = YES;
				GCC_WARN_64_TO_32_BIT_CONVERSION = YES;
				GCC_WARN_ABOUT_RETURN_TYPE = YES_ERROR;
				GCC_WARN_UNDECLARED_SELECTOR = YES;
				GCC_WARN_UNINITIALIZED_AUTOS = YES_AGGRESSIVE;
				GCC_WARN_UNUSED_FUNCTION = YES;
				GCC_WARN_UNUSED_VARIABLE = YES;
				IPHONEOS_DEPLOYMENT_TARGET = 10.2;
				MTL_ENABLE_DEBUG_INFO = NO;
				SDKROOT = iphoneos;
				SWIFT_OPTIMIZATION_LEVEL = "-Owholemodule";
				VALIDATE_PRODUCT = YES;
			};
			name = Release;
		};
		028B79E91E61271C008D934D /* Debug */ = {
			isa = XCBuildConfiguration;
			buildSettings = {
				ASSETCATALOG_COMPILER_APPICON_NAME = AppIcon;
				DEVELOPMENT_TEAM = EFTVKH44JM;
				INFOPLIST_FILE = DDBlog/Info.plist;
				LD_RUNPATH_SEARCH_PATHS = "$(inherited) @executable_path/Frameworks";
				PRODUCT_BUNDLE_IDENTIFIER = com.zhangxianjun.DDBlog;
				PRODUCT_NAME = "$(TARGET_NAME)";
				SWIFT_VERSION = 3.0;
			};
			name = Debug;
		};
		028B79EA1E61271C008D934D /* Release */ = {
			isa = XCBuildConfiguration;
			buildSettings = {
				ASSETCATALOG_COMPILER_APPICON_NAME = AppIcon;
				DEVELOPMENT_TEAM = EFTVKH44JM;
				INFOPLIST_FILE = DDBlog/Info.plist;
				LD_RUNPATH_SEARCH_PATHS = "$(inherited) @executable_path/Frameworks";
				PRODUCT_BUNDLE_IDENTIFIER = com.zhangxianjun.DDBlog;
				PRODUCT_NAME = "$(TARGET_NAME)";
				SWIFT_VERSION = 3.0;
			};
			name = Release;
		};
/* End XCBuildConfiguration section */

/* Begin XCConfigurationList section */
		028B79D11E61271C008D934D /* Build configuration list for PBXProject "DDBlog" */ = {
			isa = XCConfigurationList;
			buildConfigurations = (
				028B79E61E61271C008D934D /* Debug */,
				028B79E71E61271C008D934D /* Release */,
			);
			defaultConfigurationIsVisible = 0;
			defaultConfigurationName = Release;
		};
		028B79E81E61271C008D934D /* Build configuration list for PBXNativeTarget "DDBlog" */ = {
			isa = XCConfigurationList;
			buildConfigurations = (
				028B79E91E61271C008D934D /* Debug */,
				028B79EA1E61271C008D934D /* Release */,
			);
			defaultConfigurationIsVisible = 0;
		};
/* End XCConfigurationList section */
	};
	rootObject = 028B79CE1E61271C008D934D /* Project object */;
}
