// !$*UTF8*$!
{
	archiveVersion = 1;
	classes = {
	};
	objectVersion = 46;
	objects = {

/* Begin PBXBuildFile section */
		028B79DA1E61271C008D934D /* AppDelegate.swift in Sources */ = {isa = PBXBuildFile; fileRef = 028B79D91E61271C008D934D /* AppDelegate.swift */; };
		028B79E11E61271C008D934D /* Assets.xcassets in Resources */ = {isa = PBXBuildFile; fileRef = 028B79E01E61271C008D934D /* Assets.xcassets */; };
		028B79E41E61271C008D934D /* LaunchScreen.storyboard in Resources */ = {isa = PBXBuildFile; fileRef = 028B79E21E61271C008D934D /* LaunchScreen.storyboard */; };
		028B7A001E612B28008D934D /* BaseViewController.swift in Sources */ = {isa = PBXBuildFile; fileRef = 028B79FF1E612B28008D934D /* BaseViewController.swift */; };
		028B7A021E6146C6008D934D /* TabBarViewController.swift in Sources */ = {isa = PBXBuildFile; fileRef = 028B7A011E6146C6008D934D /* TabBarViewController.swift */; };
		028B7A041E614794008D934D /* LoginViewController.swift in Sources */ = {isa = PBXBuildFile; fileRef = 028B7A031E614794008D934D /* LoginViewController.swift */; };
		028B7A061E6147B8008D934D /* CircleViewController.swift in Sources */ = {isa = PBXBuildFile; fileRef = 028B7A051E6147B8008D934D /* CircleViewController.swift */; };
		028B7A081E6147CC008D934D /* PublishViewController.swift in Sources */ = {isa = PBXBuildFile; fileRef = 028B7A071E6147CC008D934D /* PublishViewController.swift */; };
		028B7A0A1E6147DA008D934D /* MyViewController.swift in Sources */ = {isa = PBXBuildFile; fileRef = 028B7A091E6147DA008D934D /* MyViewController.swift */; };
		028B7A0C1E614823008D934D /* NavigationViewController.swift in Sources */ = {isa = PBXBuildFile; fileRef = 028B7A0B1E614823008D934D /* NavigationViewController.swift */; };
		028B7A0E1E614A1C008D934D /* Config.swift in Sources */ = {isa = PBXBuildFile; fileRef = 028B7A0D1E614A1C008D934D /* Config.swift */; };
		028B7A141E616AD0008D934D /* UIView+DD.swift in Sources */ = {isa = PBXBuildFile; fileRef = 028B7A131E616AD0008D934D /* UIView+DD.swift */; };
		622F651B9AF42A3C88883C4A /* Pods_DDBlog.framework in Frameworks */ = {isa = PBXBuildFile; fileRef = 095537ADBB1965B45E4782F0 /* Pods_DDBlog.framework */; };
/* End PBXBuildFile section */

/* Begin PBXFileReference section */
		028B79D61E61271C008D934D /* DDBlog.app */ = {isa = PBXFileReference; explicitFileType = wrapper.application; includeInIndex = 0; path = DDBlog.app; sourceTree = BUILT_PRODUCTS_DIR; };
		028B79D91E61271C008D934D /* AppDelegate.swift */ = {isa = PBXFileReference; lastKnownFileType = sourcecode.swift; path = AppDelegate.swift; sourceTree = "<group>"; };
		028B79E01E61271C008D934D /* Assets.xcassets */ = {isa = PBXFileReference; lastKnownFileType = folder.assetcatalog; path = Assets.xcassets; sourceTree = "<group>"; };
		028B79E31E61271C008D934D /* Base */ = {isa = PBXFileReference; lastKnownFileType = file.storyboard; name = Base; path = Base.lproj/LaunchScreen.storyboard; sourceTree = "<group>"; };
		028B79E51E61271C008D934D /* Info.plist */ = {isa = PBXFileReference; lastKnownFileType = text.plist.xml; path = Info.plist; sourceTree = "<group>"; };
		028B79FF1E612B28008D934D /* BaseViewController.swift */ = {isa = PBXFileReference; fileEncoding = 4; lastKnownFileType = sourcecode.swift; path = BaseViewController.swift; sourceTree = "<group>"; };
		028B7A011E6146C6008D934D /* TabBarViewController.swift */ = {isa = PBXFileReference; fileEncoding = 4; lastKnownFileType = sourcecode.swift; path = TabBarViewController.swift; sourceTree = "<group>"; };
		028B7A031E614794008D934D /* LoginViewController.swift */ = {isa = PBXFileReference; fileEncoding = 4; lastKnownFileType = sourcecode.swift; path = LoginViewController.swift; sourceTree = "<group>"; };
		028B7A051E6147B8008D934D /* CircleViewController.swift */ = {isa = PBXFileReference; fileEncoding = 4; lastKnownFileType = sourcecode.swift; path = CircleViewController.swift; sourceTree = "<group>"; };
		028B7A071E6147CC008D934D /* PublishViewController.swift */ = {isa = PBXFileReference; fileEncoding = 4; lastKnownFileType = sourcecode.swift; path = PublishViewController.swift; sourceTree = "<group>"; };
		028B7A091E6147DA008D934D /* MyViewController.swift */ = {isa = PBXFileReference; fileEncoding = 4; lastKnownFileType = sourcecode.swift; path = MyViewController.swift; sourceTree = "<group>"; };
		028B7A0B1E614823008D934D /* NavigationViewController.swift */ = {isa = PBXFileReference; fileEncoding = 4; lastKnownFileType = sourcecode.swift; path = NavigationViewController.swift; sourceTree = "<group>"; };
		028B7A0D1E614A1C008D934D /* Config.swift */ = {isa = PBXFileReference; fileEncoding = 4; lastKnownFileType = sourcecode.swift; path = Config.swift; sourceTree = "<group>"; };
		028B7A131E616AD0008D934D /* UIView+DD.swift */ = {isa = PBXFileReference; fileEncoding = 4; lastKnownFileType = sourcecode.swift; path = "UIView+DD.swift"; sourceTree = "<group>"; };
		095537ADBB1965B45E4782F0 /* Pods_DDBlog.framework */ = {isa = PBXFileReference; explicitFileType = wrapper.framework; includeInIndex = 0; path = Pods_DDBlog.framework; sourceTree = BUILT_PRODUCTS_DIR; };
		12AFA04E9553C1CBADDA8DEE /* Pods-DDBlog.debug.xcconfig */ = {isa = PBXFileReference; includeInIndex = 1; lastKnownFileType = text.xcconfig; name = "Pods-DDBlog.debug.xcconfig"; path = "Pods/Target Support Files/Pods-DDBlog/Pods-DDBlog.debug.xcconfig"; sourceTree = "<group>"; };
		D73107849820A306A00AC59D /* Pods-DDBlog.release.xcconfig */ = {isa = PBXFileReference; includeInIndex = 1; lastKnownFileType = text.xcconfig; name = "Pods-DDBlog.release.xcconfig"; path = "Pods/Target Support Files/Pods-DDBlog/Pods-DDBlog.release.xcconfig"; sourceTree = "<group>"; };
/* End PBXFileReference section */

/* Begin PBXFrameworksBuildPhase section */
		028B79D31E61271C008D934D /* Frameworks */ = {
			isa = PBXFrameworksBuildPhase;
			buildActionMask = 2147483647;
			files = (
				622F651B9AF42A3C88883C4A /* Pods_DDBlog.framework in Frameworks */,
			);
			runOnlyForDeploymentPostprocessing = 0;
		};
/* End PBXFrameworksBuildPhase section */

/* Begin PBXGroup section */
		028B79CD1E61271C008D934D = {
			isa = PBXGroup;
			children = (
				028B79D81E61271C008D934D /* DDBlog */,
				028B79D71E61271C008D934D /* Products */,
				39415226C84356D67324A351 /* Pods */,
				98F7456CB5402FE589150B0D /* Frameworks */,
			);
			sourceTree = "<group>";
		};
		028B79D71E61271C008D934D /* Products */ = {
			isa = PBXGroup;
			children = (
				028B79D61E61271C008D934D /* DDBlog.app */,
			);
			name = Products;
			sourceTree = "<group>";
		};
		028B79D81E61271C008D934D /* DDBlog */ = {
			isa = PBXGroup;
			children = (
				028B79F61E612A96008D934D /* Library */,
				028B79F81E612A96008D934D /* Util */,
				028B79F51E612A96008D934D /* DAO */,
				028B79F71E612A96008D934D /* Model */,
				028B79F91E612A96008D934D /* ViewModel */,
				028B79F41E612A96008D934D /* Controller */,
				028B79FC1E612AD8008D934D /* View */,
				028B79D91E61271C008D934D /* AppDelegate.swift */,
				028B7A0D1E614A1C008D934D /* Config.swift */,
				028B79E01E61271C008D934D /* Assets.xcassets */,
				028B79E21E61271C008D934D /* LaunchScreen.storyboard */,
				028B79E51E61271C008D934D /* Info.plist */,
			);
			path = DDBlog;
			sourceTree = "<group>";
		};
		028B79F41E612A96008D934D /* Controller */ = {
			isa = PBXGroup;
			children = (
				028B79FF1E612B28008D934D /* BaseViewController.swift */,
				028B7A011E6146C6008D934D /* TabBarViewController.swift */,
				028B7A0B1E614823008D934D /* NavigationViewController.swift */,
				028B7A051E6147B8008D934D /* CircleViewController.swift */,
				028B7A071E6147CC008D934D /* PublishViewController.swift */,
				028B7A091E6147DA008D934D /* MyViewController.swift */,
				028B7A031E614794008D934D /* LoginViewController.swift */,
			);
			path = Controller;
			sourceTree = "<group>";
		};
		028B79F51E612A96008D934D /* DAO */ = {
			isa = PBXGroup;
			children = (
			);
			path = DAO;
			sourceTree = "<group>";
		};
		028B79F61E612A96008D934D /* Library */ = {
			isa = PBXGroup;
			children = (
			);
			path = Library;
			sourceTree = "<group>";
		};
		028B79F71E612A96008D934D /* Model */ = {
			isa = PBXGroup;
			children = (
			);
			path = Model;
			sourceTree = "<group>";
		};
		028B79F81E612A96008D934D /* Util */ = {
			isa = PBXGroup;
			children = (
				028B7A0F1E616A3C008D934D /* Extension */,
				028B7A101E616A3C008D934D /* Tool */,
			);
			path = Util;
			sourceTree = "<group>";
		};
		028B79F91E612A96008D934D /* ViewModel */ = {
			isa = PBXGroup;
			children = (
			);
			path = ViewModel;
			sourceTree = "<group>";
		};
		028B79FC1E612AD8008D934D /* View */ = {
			isa = PBXGroup;
			children = (
				028B79FD1E612AF4008D934D /* Cell */,
				028B79FE1E612AF4008D934D /* Widget */,
			);
			path = View;
			sourceTree = "<group>";
		};
		028B79FD1E612AF4008D934D /* Cell */ = {
			isa = PBXGroup;
			children = (
			);
			path = Cell;
			sourceTree = "<group>";
		};
		028B79FE1E612AF4008D934D /* Widget */ = {
			isa = PBXGroup;
			children = (
			);
			path = Widget;
			sourceTree = "<group>";
		};
		028B7A0F1E616A3C008D934D /* Extension */ = {
			isa = PBXGroup;
			children = (
				028B7A131E616AD0008D934D /* UIView+DD.swift */,
			);
			path = Extension;
			sourceTree = "<group>";
		};
		028B7A101E616A3C008D934D /* Tool */ = {
			isa = PBXGroup;
			children = (
			);
			path = Tool;
			sourceTree = "<group>";
		};
		39415226C84356D67324A351 /* Pods */ = {
			isa = PBXGroup;
			children = (
				12AFA04E9553C1CBADDA8DEE /* Pods-DDBlog.debug.xcconfig */,
				D73107849820A306A00AC59D /* Pods-DDBlog.release.xcconfig */,
			);
			name = Pods;
			sourceTree = "<group>";
		};
		98F7456CB5402FE589150B0D /* Frameworks */ = {
			isa = PBXGroup;
			children = (
				095537ADBB1965B45E4782F0 /* Pods_DDBlog.framework */,
			);
			name = Frameworks;
			sourceTree = "<group>";
		};
/* End PBXGroup section */

/* Begin PBXNativeTarget section */
		028B79D51E61271C008D934D /* DDBlog */ = {
			isa = PBXNativeTarget;
			buildConfigurationList = 028B79E81E61271C008D934D /* Build configuration list for PBXNativeTarget "DDBlog" */;
			buildPhases = (
				1C53DB561A87178E39A66366 /* [CP] Check Pods Manifest.lock */,
				028B79D21E61271C008D934D /* Sources */,
				028B79D31E61271C008D934D /* Frameworks */,
				028B79D41E61271C008D934D /* Resources */,
				DBA832A4875F6A7FB7818D5D /* [CP] Embed Pods Frameworks */,
				B6054AD46C3FCBA4680CA2DB /* [CP] Copy Pods Resources */,
			);
			buildRules = (
			);
			dependencies = (
			);
			name = DDBlog;
			productName = DDBlog;
			productReference = 028B79D61E61271C008D934D /* DDBlog.app */;
			productType = "com.apple.product-type.application";
		};
/* End PBXNativeTarget section */

/* Begin PBXProject section */
		028B79CE1E61271C008D934D /* Project object */ = {
			isa = PBXProject;
			attributes = {
				LastSwiftUpdateCheck = 0820;
				LastUpgradeCheck = 0820;
				ORGANIZATIONNAME = zhangxianjun;
				TargetAttributes = {
					028B79D51E61271C008D934D = {
						CreatedOnToolsVersion = 8.2.1;
						DevelopmentTeam = EFTVKH44JM;
						ProvisioningStyle = Manual;
					};
				};
			};
			buildConfigurationList = 028B79D11E61271C008D934D /* Build configuration list for PBXProject "DDBlog" */;
			compatibilityVersion = "Xcode 3.2";
			developmentRegion = English;
			hasScannedForEncodings = 0;
			knownRegions = (
				en,
				Base,
			);
			mainGroup = 028B79CD1E61271C008D934D;
			productRefGroup = 028B79D71E61271C008D934D /* Products */;
			projectDirPath = "";
			projectRoot = "";
			targets = (
				028B79D51E61271C008D934D /* DDBlog */,
			);
		};
/* End PBXProject section */

/* Begin PBXResourcesBuildPhase section */
		028B79D41E61271C008D934D /* Resources */ = {
			isa = PBXResourcesBuildPhase;
			buildActionMask = 2147483647;
			files = (
				028B79E41E61271C008D934D /* LaunchScreen.storyboard in Resources */,
				028B79E11E61271C008D934D /* Assets.xcassets in Resources */,
			);
			runOnlyForDeploymentPostprocessing = 0;
		};
/* End PBXResourcesBuildPhase section */

/* Begin PBXShellScriptBuildPhase section */
		1C53DB561A87178E39A66366 /* [CP] Check Pods Manifest.lock */ = {
			isa = PBXShellScriptBuildPhase;
			buildActionMask = 2147483647;
			files = (
			);
			inputPaths = (
			);
			name = "[CP] Check Pods Manifest.lock";
			outputPaths = (
			);
			runOnlyForDeploymentPostprocessing = 0;
			shellPath = /bin/sh;
			shellScript = "diff \"${PODS_ROOT}/../Podfile.lock\" \"${PODS_ROOT}/Manifest.lock\" > /dev/null\nif [ $? != 0 ] ; then\n    # print error to STDERR\n    echo \"error: The sandbox is not in sync with the Podfile.lock. Run 'pod install' or update your CocoaPods installation.\" >&2\n    exit 1\nfi\n";
			showEnvVarsInLog = 0;
		};
		B6054AD46C3FCBA4680CA2DB /* [CP] Copy Pods Resources */ = {
			isa = PBXShellScriptBuildPhase;
			buildActionMask = 2147483647;
			files = (
			);
			inputPaths = (
			);
			name = "[CP] Copy Pods Resources";
			outputPaths = (
			);
			runOnlyForDeploymentPostprocessing = 0;
			shellPath = /bin/sh;
			shellScript = "\"${SRCROOT}/Pods/Target Support Files/Pods-DDBlog/Pods-DDBlog-resources.sh\"\n";
			showEnvVarsInLog = 0;
		};
		DBA832A4875F6A7FB7818D5D /* [CP] Embed Pods Frameworks */ = {
			isa = PBXShellScriptBuildPhase;
			buildActionMask = 2147483647;
			files = (
			);
			inputPaths = (
			);
			name = "[CP] Embed Pods Frameworks";
			outputPaths = (
			);
			runOnlyForDeploymentPostprocessing = 0;
			shellPath = /bin/sh;
			shellScript = "\"${SRCROOT}/Pods/Target Support Files/Pods-DDBlog/Pods-DDBlog-frameworks.sh\"\n";
			showEnvVarsInLog = 0;
		};
/* End PBXShellScriptBuildPhase section */

/* Begin PBXSourcesBuildPhase section */
		028B79D21E61271C008D934D /* Sources */ = {
			isa = PBXSourcesBuildPhase;
			buildActionMask = 2147483647;
			files = (
				028B7A141E616AD0008D934D /* UIView+DD.swift in Sources */,
				028B7A0C1E614823008D934D /* NavigationViewController.swift in Sources */,
				028B7A041E614794008D934D /* LoginViewController.swift in Sources */,
				028B7A0E1E614A1C008D934D /* Config.swift in Sources */,
				028B79DA1E61271C008D934D /* AppDelegate.swift in Sources */,
				028B7A081E6147CC008D934D /* PublishViewController.swift in Sources */,
				028B7A0A1E6147DA008D934D /* MyViewController.swift in Sources */,
				028B7A061E6147B8008D934D /* CircleViewController.swift in Sources */,
				028B7A021E6146C6008D934D /* TabBarViewController.swift in Sources */,
				028B7A001E612B28008D934D /* BaseViewController.swift in Sources */,
			);
			runOnlyForDeploymentPostprocessing = 0;
		};
/* End PBXSourcesBuildPhase section */

/* Begin PBXVariantGroup section */
		028B79E21E61271C008D934D /* LaunchScreen.storyboard */ = {
			isa = PBXVariantGroup;
			children = (
				028B79E31E61271C008D934D /* Base */,
			);
			name = LaunchScreen.storyboard;
			sourceTree = "<group>";
		};
/* End PBXVariantGroup section */

/* Begin XCBuildConfiguration section */
		028B79E61E61271C008D934D /* Debug */ = {
			isa = XCBuildConfiguration;
			buildSettings = {
				ALWAYS_SEARCH_USER_PATHS = NO;
				CLANG_ANALYZER_NONNULL = YES;
				CLANG_CXX_LANGUAGE_STANDARD = "gnu++0x";
				CLANG_CXX_LIBRARY = "libc++";
				CLANG_ENABLE_MODULES = YES;
				CLANG_ENABLE_OBJC_ARC = YES;
				CLANG_WARN_BOOL_CONVERSION = YES;
				CLANG_WARN_CONSTANT_CONVERSION = YES;
				CLANG_WARN_DIRECT_OBJC_ISA_USAGE = YES_ERROR;
				CLANG_WARN_DOCUMENTATION_COMMENTS = YES;
				CLANG_WARN_EMPTY_BODY = YES;
				CLANG_WARN_ENUM_CONVERSION = YES;
				CLANG_WARN_INFINITE_RECURSION = YES;
				CLANG_WARN_INT_CONVERSION = YES;
				CLANG_WARN_OBJC_ROOT_CLASS = YES_ERROR;
				CLANG_WARN_SUSPICIOUS_MOVE = YES;
				CLANG_WARN_UNREACHABLE_CODE = YES;
				CLANG_WARN__DUPLICATE_METHOD_MATCH = YES;
				"CODE_SIGN_IDENTITY[sdk=iphoneos*]" = "iPhone Developer";
				COPY_PHASE_STRIP = NO;
				DEBUG_INFORMATION_FORMAT = dwarf;
				ENABLE_STRICT_OBJC_MSGSEND = YES;
				ENABLE_TESTABILITY = YES;
				GCC_C_LANGUAGE_STANDARD = gnu99;
				GCC_DYNAMIC_NO_PIC = NO;
				GCC_NO_COMMON_BLOCKS = YES;
				GCC_OPTIMIZATION_LEVEL = 0;
				GCC_PREPROCESSOR_DEFINITIONS = (
					"DEBUG=1",
					"$(inherited)",
				);
				GCC_WARN_64_TO_32_BIT_CONVERSION = YES;
				GCC_WARN_ABOUT_RETURN_TYPE = YES_ERROR;
				GCC_WARN_UNDECLARED_SELECTOR = YES;
				GCC_WARN_UNINITIALIZED_AUTOS = YES_AGGRESSIVE;
				GCC_WARN_UNUSED_FUNCTION = YES;
				GCC_WARN_UNUSED_VARIABLE = YES;
				IPHONEOS_DEPLOYMENT_TARGET = 10.2;
				MTL_ENABLE_DEBUG_INFO = YES;
				ONLY_ACTIVE_ARCH = YES;
				SDKROOT = iphoneos;
				SWIFT_ACTIVE_COMPILATION_CONDITIONS = DEBUG;
				SWIFT_OPTIMIZATION_LEVEL = "-Onone";
			};
			name = Debug;
		};
		028B79E71E61271C008D934D /* Release */ = {
			isa = XCBuildConfiguration;
			buildSettings = {
				ALWAYS_SEARCH_USER_PATHS = NO;
				CLANG_ANALYZER_NONNULL = YES;
				CLANG_CXX_LANGUAGE_STANDARD = "gnu++0x";
				CLANG_CXX_LIBRARY = "libc++";
				CLANG_ENABLE_MODULES = YES;
				CLANG_ENABLE_OBJC_ARC = YES;
				CLANG_WARN_BOOL_CONVERSION = YES;
				CLANG_WARN_CONSTANT_CONVERSION = YES;
				CLANG_WARN_DIRECT_OBJC_ISA_USAGE = YES_ERROR;
				CLANG_WARN_DOCUMENTATION_COMMENTS = YES;
				CLANG_WARN_EMPTY_BODY = YES;
				CLANG_WARN_ENUM_CONVERSION = YES;
				CLANG_WARN_INFINITE_RECURSION = YES;
				CLANG_WARN_INT_CONVERSION = YES;
				CLANG_WARN_OBJC_ROOT_CLASS = YES_ERROR;
				CLANG_WARN_SUSPICIOUS_MOVE = YES;
				CLANG_WARN_UNREACHABLE_CODE = YES;
				CLANG_WARN__DUPLICATE_METHOD_MATCH = YES;
				"CODE_SIGN_IDENTITY[sdk=iphoneos*]" = "iPhone Developer";
				COPY_PHASE_STRIP = NO;
				DEBUG_INFORMATION_FORMAT = "dwarf-with-dsym";
				ENABLE_NS_ASSERTIONS = NO;
				ENABLE_STRICT_OBJC_MSGSEND = YES;
				GCC_C_LANGUAGE_STANDARD = gnu99;
				GCC_NO_COMMON_BLOCKS = YES;
				GCC_WARN_64_TO_32_BIT_CONVERSION = YES;
				GCC_WARN_ABOUT_RETURN_TYPE = YES_ERROR;
				GCC_WARN_UNDECLARED_SELECTOR = YES;
				GCC_WARN_UNINITIALIZED_AUTOS = YES_AGGRESSIVE;
				GCC_WARN_UNUSED_FUNCTION = YES;
				GCC_WARN_UNUSED_VARIABLE = YES;
				IPHONEOS_DEPLOYMENT_TARGET = 10.2;
				MTL_ENABLE_DEBUG_INFO = NO;
				SDKROOT = iphoneos;
				SWIFT_OPTIMIZATION_LEVEL = "-Owholemodule";
				VALIDATE_PRODUCT = YES;
			};
			name = Release;
		};
		028B79E91E61271C008D934D /* Debug */ = {
			isa = XCBuildConfiguration;
			baseConfigurationReference = 12AFA04E9553C1CBADDA8DEE /* Pods-DDBlog.debug.xcconfig */;
			buildSettings = {
				ASSETCATALOG_COMPILER_APPICON_NAME = AppIcon;
				DEVELOPMENT_TEAM = EFTVKH44JM;
				INFOPLIST_FILE = DDBlog/Info.plist;
				IPHONEOS_DEPLOYMENT_TARGET = 9.0;
				LD_RUNPATH_SEARCH_PATHS = "$(inherited) @executable_path/Frameworks";
				PRODUCT_BUNDLE_IDENTIFIER = com.zhangxianjun.DDBlog;
				PRODUCT_NAME = "$(TARGET_NAME)";
				PROVISIONING_PROFILE = "1773a500-97b0-49db-8d33-83e2f09524ae";
				PROVISIONING_PROFILE_SPECIFIER = Wildcard;
				SWIFT_VERSION = 3.0;
			};
			name = Debug;
		};
		028B79EA1E61271C008D934D /* Release */ = {
			isa = XCBuildConfiguration;
			baseConfigurationReference = D73107849820A306A00AC59D /* Pods-DDBlog.release.xcconfig */;
			buildSettings = {
				ASSETCATALOG_COMPILER_APPICON_NAME = AppIcon;
				DEVELOPMENT_TEAM = EFTVKH44JM;
				INFOPLIST_FILE = DDBlog/Info.plist;
				IPHONEOS_DEPLOYMENT_TARGET = 9.0;
				LD_RUNPATH_SEARCH_PATHS = "$(inherited) @executable_path/Frameworks";
				PRODUCT_BUNDLE_IDENTIFIER = com.zhangxianjun.DDBlog;
				PRODUCT_NAME = "$(TARGET_NAME)";
				PROVISIONING_PROFILE = "1773a500-97b0-49db-8d33-83e2f09524ae";
				PROVISIONING_PROFILE_SPECIFIER = Wildcard;
				SWIFT_VERSION = 3.0;
			};
			name = Release;
		};
/* End XCBuildConfiguration section */

/* Begin XCConfigurationList section */
		028B79D11E61271C008D934D /* Build configuration list for PBXProject "DDBlog" */ = {
			isa = XCConfigurationList;
			buildConfigurations = (
				028B79E61E61271C008D934D /* Debug */,
				028B79E71E61271C008D934D /* Release */,
			);
			defaultConfigurationIsVisible = 0;
			defaultConfigurationName = Release;
		};
		028B79E81E61271C008D934D /* Build configuration list for PBXNativeTarget "DDBlog" */ = {
			isa = XCConfigurationList;
			buildConfigurations = (
				028B79E91E61271C008D934D /* Debug */,
				028B79EA1E61271C008D934D /* Release */,
			);
			defaultConfigurationIsVisible = 0;
			defaultConfigurationName = Release;
		};
/* End XCConfigurationList section */
	};
	rootObject = 028B79CE1E61271C008D934D /* Project object */;
}
